
Microsoft Visual Studio Solution File, Format Version 12.00
# Visual Studio Version 16
VisualStudioVersion = 16.0.29728.190
MinimumVisualStudioVersion = 10.0.40219.1
Project("{FAE04EC0-301F-11D3-BF4B-00C04F79EFBC}") = "01_DownloadingAFile", "01_DownloadingAFile\01_DownloadingAFile.csproj", "{110A8F75-BF44-4B33-87A7-B56F0DDDA5D0}"
EndProject
Project("{FAE04EC0-301F-11D3-BF4B-00C04F79EFBC}") = "02_ParsingHTML", "02_ParsingHTML\02_ParsingHTML.csproj", "{886369FA-BD45-442D-AC6F-98C760300E47}"
EndProject
Global
	GlobalSection(SolutionConfigurationPlatforms) = preSolution
		Debug|Any CPU = Debug|Any CPU
		Release|Any CPU = Release|Any CPU
	EndGlobalSection
	GlobalSection(ProjectConfigurationPlatforms) = postSolution
		{110A8F75-BF44-4B33-87A7-B56F0DDDA5D0}.Debug|Any CPU.ActiveCfg = Debug|Any CPU
		{110A8F75-BF44-4B33-87A7-B56F0DDDA5D0}.Debug|Any CPU.Build.0 = Debug|Any CPU
		{110A8F75-BF44-4B33-87A7-B56F0DDDA5D0}.Release|Any CPU.ActiveCfg = Release|Any CPU
		{110A8F75-BF44-4B33-87A7-B56F0DDDA5D0}.Release|Any CPU.Build.0 = Release|Any CPU
		{886369FA-BD45-442D-AC6F-98C760300E47}.Debug|Any CPU.ActiveCfg = Debug|Any CPU
		{886369FA-BD45-442D-AC6F-98C760300E47}.Debug|Any CPU.Build.0 = Debug|Any CPU
		{886369FA-BD45-442D-AC6F-98C760300E47}.Release|Any CPU.ActiveCfg = Release|Any CPU
		{886369FA-BD45-442D-AC6F-98C760300E47}.Release|Any CPU.Build.0 = Release|Any CPU
	EndGlobalSection
	GlobalSection(SolutionProperties) = preSolution
		HideSolutionNode = FALSE
	EndGlobalSection
	GlobalSection(ExtensibilityGlobals) = postSolution
		SolutionGuid = {B712B027-E943-4B09-8264-6512C5A54FEB}
	EndGlobalSection
EndGlobal
